version = 1
requires-python = ">=3.13"

[[package]]
name = "pypdfium2"
version = "4.30.1"
source = { registry = "https://pypi.org/simple" }
sdist = { url = "https://files.pythonhosted.org/packages/55/d4/905e621c62598a08168c272b42fc00136c8861cfce97afb2a1ecbd99487a/pypdfium2-4.30.1.tar.gz", hash = "sha256:5f5c7c6d03598e107d974f66b220a49436aceb191da34cda5f692be098a814ce", size = 164854 }
wheels = [
    { url = "https://files.pythonhosted.org/packages/30/8e/3ce0856b3af0f058dd3655ce57d31d1dbde4d4bd0e172022ffbf1b58a4b9/pypdfium2-4.30.1-py3-none-macosx_10_13_x86_64.whl", hash = "sha256:e07c47633732cc18d890bb7e965ad28a9c5a932e548acb928596f86be2e5ae37", size = 2889836 },
    { url = "https://files.pythonhosted.org/packages/c2/6a/f6995b21f9c6c155487ce7df70632a2df1ba49efcb291b9943ea45f28b15/pypdfium2-4.30.1-py3-none-macosx_11_0_arm64.whl", hash = "sha256:5ea2d44e96d361123b67b00f527017aa9c847c871b5714e013c01c3eb36a79fe", size = 2769232 },
    { url = "https://files.pythonhosted.org/packages/53/91/79060923148e6d380b8a299b32bba46d70aac5fe1cd4f04320bcbd1a48d3/pypdfium2-4.30.1-py3-none-manylinux_2_17_aarch64.manylinux2014_aarch64.whl", hash = "sha256:1de7a3a36803171b3f66911131046d65a732f9e7834438191cb58235e6163c4e", size = 2847531 },
    { url = "https://files.pythonhosted.org/packages/a8/6c/93507f87c159e747eaab54352c0fccbaec3f1b3749d0bb9085a47899f898/pypdfium2-4.30.1-py3-none-manylinux_2_17_armv7l.manylinux2014_armv7l.whl", hash = "sha256:b8a4231efb13170354f568c722d6540b8d5b476b08825586d48ef70c40d16e03", size = 2636266 },
    { url = "https://files.pythonhosted.org/packages/24/dc/d56f74a092f2091e328d6485f16562e2fc51cffb0ad6d5c616d80c1eb53c/pypdfium2-4.30.1-py3-none-manylinux_2_17_i686.manylinux2014_i686.whl", hash = "sha256:6f434a4934e8244aa95343ffcf24e9ad9f120dbb4785f631bb40a88c39292493", size = 2919296 },
    { url = "https://files.pythonhosted.org/packages/be/d9/a2f1ee03d47fbeb48bcfde47ed7155772739622cfadf7135a84ba6a97824/pypdfium2-4.30.1-py3-none-manylinux_2_17_x86_64.manylinux2014_x86_64.whl", hash = "sha256:f454032a0bc7681900170f67d8711b3942824531e765f91c2f5ce7937f999794", size = 2866119 },
    { url = "https://files.pythonhosted.org/packages/01/47/6aa019c32aa39d3f33347c458c0c5887e84096cbe444456402bc97e66704/pypdfium2-4.30.1-py3-none-musllinux_1_1_aarch64.whl", hash = "sha256:bbf9130a72370ee9d602e39949b902db669a2a1c24746a91e5586eb829055d9f", size = 6228684 },
    { url = "https://files.pythonhosted.org/packages/4c/07/2954c15b3f7c85ceb80cad36757fd41b3aba0dd14e68f4bed9ce3f2e7e74/pypdfium2-4.30.1-py3-none-musllinux_1_1_i686.whl", hash = "sha256:5cb52884b1583b96e94fd78542c63bb42e06df5e8f9e52f8f31f5ad5a1e53367", size = 6231815 },
    { url = "https://files.pythonhosted.org/packages/b4/9b/b4667e95754624f4af5a912001abba90c046e1c80d4a4e887f0af664ffec/pypdfium2-4.30.1-py3-none-musllinux_1_1_x86_64.whl", hash = "sha256:1a9e372bd4867ff223cc8c338e33fe11055dad12f22885950fc27646cc8d9122", size = 6313429 },
    { url = "https://files.pythonhosted.org/packages/43/38/f9e77cf55ba5546a39fa659404b78b97de2ca344848271e7731efb0954cd/pypdfium2-4.30.1-py3-none-win32.whl", hash = "sha256:421f1cf205e213e07c1f2934905779547f4f4a2ff2f59dde29da3d511d3fc806", size = 2834989 },
    { url = "https://files.pythonhosted.org/packages/a4/f3/8d3a350efb4286b5ebdabcf6736f51d8e3b10dbe68804c6930b00f5cf329/pypdfium2-4.30.1-py3-none-win_amd64.whl", hash = "sha256:598a7f20264ab5113853cba6d86c4566e4356cad037d7d1f849c8c9021007e05", size = 2960157 },
    { url = "https://files.pythonhosted.org/packages/e1/6b/2706497c86e8d69fb76afe5ea857fe1794621aa0f3b1d863feb953fe0f22/pypdfium2-4.30.1-py3-none-win_arm64.whl", hash = "sha256:c2b6d63f6d425d9416c08d2511822b54b8e3ac38e639fc41164b1d75584b3a8c", size = 2814810 },
]

[[package]]
name = "repl-nix-workspace"
version = "0.1.0"
source = { virtual = "." }
dependencies = [
    { name = "pypdfium2" },
]

[package.metadata]
requires-dist = [{ name = "pypdfium2", specifier = ">=4.30.1" }]
